// !$*UTF8*$!
{
	archiveVersion = 1;
	classes = {
	};
	objectVersion = 48;
	objects = {

/* Begin PBXBuildFile section */
		3EBCBB742576B0ED003F9764 /* AppDelegate.swift in Sources */ = {isa = PBXBuildFile; fileRef = 3EBCBB732576B0ED003F9764 /* AppDelegate.swift */; };
		3EBCBB762576B0ED003F9764 /* ViewController.swift in Sources */ = {isa = PBXBuildFile; fileRef = 3EBCBB752576B0ED003F9764 /* ViewController.swift */; };
		3EBCBB792576B0ED003F9764 /* Main.storyboard in Resources */ = {isa = PBXBuildFile; fileRef = 3EBCBB772576B0ED003F9764 /* Main.storyboard */; };
		3EBCBB7C2576B0ED003F9764 /* Environmental_Calculator.xcdatamodeld in Sources */ = {isa = PBXBuildFile; fileRef = 3EBCBB7A2576B0ED003F9764 /* Environmental_Calculator.xcdatamodeld */; };
		3EBCBB7E2576B0ED003F9764 /* Assets.xcassets in Resources */ = {isa = PBXBuildFile; fileRef = 3EBCBB7D2576B0ED003F9764 /* Assets.xcassets */; };
		3EBCBB812576B0ED003F9764 /* LaunchScreen.storyboard in Resources */ = {isa = PBXBuildFile; fileRef = 3EBCBB7F2576B0ED003F9764 /* LaunchScreen.storyboard */; };
		3EBCBB8C2576B0ED003F9764 /* Environmental_CalculatorTests.swift in Sources */ = {isa = PBXBuildFile; fileRef = 3EBCBB8B2576B0ED003F9764 /* Environmental_CalculatorTests.swift */; };
		3EBCBB972576B0ED003F9764 /* Environmental_CalculatorUITests.swift in Sources */ = {isa = PBXBuildFile; fileRef = 3EBCBB962576B0ED003F9764 /* Environmental_CalculatorUITests.swift */; };
/* End PBXBuildFile section */

/* Begin PBXContainerItemProxy section */
		3EBCBB882576B0ED003F9764 /* PBXContainerItemProxy */ = {
			isa = PBXContainerItemProxy;
			containerPortal = 3EBCBB682576B0ED003F9764 /* Project object */;
			proxyType = 1;
			remoteGlobalIDString = 3EBCBB6F2576B0ED003F9764;
			remoteInfo = "Environmental Calculator";
		};
		3EBCBB932576B0ED003F9764 /* PBXContainerItemProxy */ = {
			isa = PBXContainerItemProxy;
			containerPortal = 3EBCBB682576B0ED003F9764 /* Project object */;
			proxyType = 1;
			remoteGlobalIDString = 3EBCBB6F2576B0ED003F9764;
			remoteInfo = "Environmental Calculator";
		};
/* End PBXContainerItemProxy section */

/* Begin PBXFileReference section */
		3EBCBB702576B0ED003F9764 /* Environmental Calculator.app */ = {isa = PBXFileReference; explicitFileType = wrapper.application; includeInIndex = 0; path = "Environmental Calculator.app"; sourceTree = BUILT_PRODUCTS_DIR; };
		3EBCBB732576B0ED003F9764 /* AppDelegate.swift */ = {isa = PBXFileReference; lastKnownFileType = sourcecode.swift; path = AppDelegate.swift; sourceTree = "<group>"; };
		3EBCBB752576B0ED003F9764 /* ViewController.swift */ = {isa = PBXFileReference; lastKnownFileType = sourcecode.swift; path = ViewController.swift; sourceTree = "<group>"; };
		3EBCBB782576B0ED003F9764 /* Base */ = {isa = PBXFileReference; lastKnownFileType = file.storyboard; name = Base; path = Base.lproj/Main.storyboard; sourceTree = "<group>"; };
		3EBCBB7B2576B0ED003F9764 /* Environmental_Calculator.xcdatamodel */ = {isa = PBXFileReference; lastKnownFileType = wrapper.xcdatamodel; path = Environmental_Calculator.xcdatamodel; sourceTree = "<group>"; };
		3EBCBB7D2576B0ED003F9764 /* Assets.xcassets */ = {isa = PBXFileReference; lastKnownFileType = folder.assetcatalog; path = Assets.xcassets; sourceTree = "<group>"; };
		3EBCBB802576B0ED003F9764 /* Base */ = {isa = PBXFileReference; lastKnownFileType = file.storyboard; name = Base; path = Base.lproj/LaunchScreen.storyboard; sourceTree = "<group>"; };
		3EBCBB822576B0ED003F9764 /* Info.plist */ = {isa = PBXFileReference; lastKnownFileType = text.plist.xml; path = Info.plist; sourceTree = "<group>"; };
		3EBCBB872576B0ED003F9764 /* Environmental CalculatorTests.xctest */ = {isa = PBXFileReference; explicitFileType = wrapper.cfbundle; includeInIndex = 0; path = "Environmental CalculatorTests.xctest"; sourceTree = BUILT_PRODUCTS_DIR; };
		3EBCBB8B2576B0ED003F9764 /* Environmental_CalculatorTests.swift */ = {isa = PBXFileReference; lastKnownFileType = sourcecode.swift; path = Environmental_CalculatorTests.swift; sourceTree = "<group>"; };
		3EBCBB8D2576B0ED003F9764 /* Info.plist */ = {isa = PBXFileReference; lastKnownFileType = text.plist.xml; path = Info.plist; sourceTree = "<group>"; };
		3EBCBB922576B0ED003F9764 /* Environmental CalculatorUITests.xctest */ = {isa = PBXFileReference; explicitFileType = wrapper.cfbundle; includeInIndex = 0; path = "Environmental CalculatorUITests.xctest"; sourceTree = BUILT_PRODUCTS_DIR; };
		3EBCBB962576B0ED003F9764 /* Environmental_CalculatorUITests.swift */ = {isa = PBXFileReference; lastKnownFileType = sourcecode.swift; path = Environmental_CalculatorUITests.swift; sourceTree = "<group>"; };
		3EBCBB982576B0ED003F9764 /* Info.plist */ = {isa = PBXFileReference; lastKnownFileType = text.plist.xml; path = Info.plist; sourceTree = "<group>"; };
/* End PBXFileReference section */

/* Begin PBXFrameworksBuildPhase section */
		3EBCBB6D2576B0ED003F9764 /* Frameworks */ = {
			isa = PBXFrameworksBuildPhase;
			buildActionMask = 2147483647;
			files = (
			);
			runOnlyForDeploymentPostprocessing = 0;
		};
		3EBCBB842576B0ED003F9764 /* Frameworks */ = {
			isa = PBXFrameworksBuildPhase;
			buildActionMask = 2147483647;
			files = (
			);
			runOnlyForDeploymentPostprocessing = 0;
		};
		3EBCBB8F2576B0ED003F9764 /* Frameworks */ = {
			isa = PBXFrameworksBuildPhase;
			buildActionMask = 2147483647;
			files = (
			);
			runOnlyForDeploymentPostprocessing = 0;
		};
/* End PBXFrameworksBuildPhase section */

/* Begin PBXGroup section */
		3EBCBB672576B0ED003F9764 = {
			isa = PBXGroup;
			children = (
				3EBCBB722576B0ED003F9764 /* Environmental Calculator */,
				3EBCBB8A2576B0ED003F9764 /* Environmental CalculatorTests */,
				3EBCBB952576B0ED003F9764 /* Environmental CalculatorUITests */,
				3EBCBB712576B0ED003F9764 /* Products */,
			);
			sourceTree = "<group>";
		};
		3EBCBB712576B0ED003F9764 /* Products */ = {
			isa = PBXGroup;
			children = (
				3EBCBB702576B0ED003F9764 /* Environmental Calculator.app */,
				3EBCBB872576B0ED003F9764 /* Environmental CalculatorTests.xctest */,
				3EBCBB922576B0ED003F9764 /* Environmental CalculatorUITests.xctest */,
			);
			name = Products;
			sourceTree = "<group>";
		};
		3EBCBB722576B0ED003F9764 /* Environmental Calculator */ = {
			isa = PBXGroup;
			children = (
				3EBCBB732576B0ED003F9764 /* AppDelegate.swift */,
				3EBCBB752576B0ED003F9764 /* ViewController.swift */,
				3EBCBB772576B0ED003F9764 /* Main.storyboard */,
				3EBCBB7D2576B0ED003F9764 /* Assets.xcassets */,
				3EBCBB7F2576B0ED003F9764 /* LaunchScreen.storyboard */,
				3EBCBB822576B0ED003F9764 /* Info.plist */,
				3EBCBB7A2576B0ED003F9764 /* Environmental_Calculator.xcdatamodeld */,
			);
			path = "Environmental Calculator";
			sourceTree = "<group>";
		};
		3EBCBB8A2576B0ED003F9764 /* Environmental CalculatorTests */ = {
			isa = PBXGroup;
			children = (
				3EBCBB8B2576B0ED003F9764 /* Environmental_CalculatorTests.swift */,
				3EBCBB8D2576B0ED003F9764 /* Info.plist */,
			);
			path = "Environmental CalculatorTests";
			sourceTree = "<group>";
		};
		3EBCBB952576B0ED003F9764 /* Environmental CalculatorUITests */ = {
			isa = PBXGroup;
			children = (
				3EBCBB962576B0ED003F9764 /* Environmental_CalculatorUITests.swift */,
				3EBCBB982576B0ED003F9764 /* Info.plist */,
			);
			path = "Environmental CalculatorUITests";
			sourceTree = "<group>";
		};
/* End PBXGroup section */

/* Begin PBXNativeTarget section */
		3EBCBB6F2576B0ED003F9764 /* Environmental Calculator */ = {
			isa = PBXNativeTarget;
			buildConfigurationList = 3EBCBB9B2576B0ED003F9764 /* Build configuration list for PBXNativeTarget "Environmental Calculator" */;
			buildPhases = (
				3EBCBB6C2576B0ED003F9764 /* Sources */,
				3EBCBB6D2576B0ED003F9764 /* Frameworks */,
				3EBCBB6E2576B0ED003F9764 /* Resources */,
			);
			buildRules = (
			);
			dependencies = (
			);
			name = "Environmental Calculator";
			productName = "Environmental Calculator";
			productReference = 3EBCBB702576B0ED003F9764 /* Environmental Calculator.app */;
			productType = "com.apple.product-type.application";
		};
		3EBCBB862576B0ED003F9764 /* Environmental CalculatorTests */ = {
			isa = PBXNativeTarget;
			buildConfigurationList = 3EBCBB9E2576B0ED003F9764 /* Build configuration list for PBXNativeTarget "Environmental CalculatorTests" */;
			buildPhases = (
				3EBCBB832576B0ED003F9764 /* Sources */,
				3EBCBB842576B0ED003F9764 /* Frameworks */,
				3EBCBB852576B0ED003F9764 /* Resources */,
			);
			buildRules = (
			);
			dependencies = (
				3EBCBB892576B0ED003F9764 /* PBXTargetDependency */,
			);
			name = "Environmental CalculatorTests";
			productName = "Environmental CalculatorTests";
			productReference = 3EBCBB872576B0ED003F9764 /* Environmental CalculatorTests.xctest */;
			productType = "com.apple.product-type.bundle.unit-test";
		};
		3EBCBB912576B0ED003F9764 /* Environmental CalculatorUITests */ = {
			isa = PBXNativeTarget;
			buildConfigurationList = 3EBCBBA12576B0ED003F9764 /* Build configuration list for PBXNativeTarget "Environmental CalculatorUITests" */;
			buildPhases = (
				3EBCBB8E2576B0ED003F9764 /* Sources */,
				3EBCBB8F2576B0ED003F9764 /* Frameworks */,
				3EBCBB902576B0ED003F9764 /* Resources */,
			);
			buildRules = (
			);
			dependencies = (
				3EBCBB942576B0ED003F9764 /* PBXTargetDependency */,
			);
			name = "Environmental CalculatorUITests";
			productName = "Environmental CalculatorUITests";
			productReference = 3EBCBB922576B0ED003F9764 /* Environmental CalculatorUITests.xctest */;
			productType = "com.apple.product-type.bundle.ui-testing";
		};
/* End PBXNativeTarget section */

/* Begin PBXProject section */
		3EBCBB682576B0ED003F9764 /* Project object */ = {
			isa = PBXProject;
			attributes = {
				LastSwiftUpdateCheck = 0920;
				LastUpgradeCheck = 0920;
				ORGANIZATIONNAME = "Corey McLaughlin";
				TargetAttributes = {
					3EBCBB6F2576B0ED003F9764 = {
						CreatedOnToolsVersion = 9.2;
						ProvisioningStyle = Automatic;
					};
					3EBCBB862576B0ED003F9764 = {
						CreatedOnToolsVersion = 9.2;
						ProvisioningStyle = Automatic;
						TestTargetID = 3EBCBB6F2576B0ED003F9764;
					};
					3EBCBB912576B0ED003F9764 = {
						CreatedOnToolsVersion = 9.2;
						ProvisioningStyle = Automatic;
						TestTargetID = 3EBCBB6F2576B0ED003F9764;
					};
				};
			};
			buildConfigurationList = 3EBCBB6B2576B0ED003F9764 /* Build configuration list for PBXProject "Environmental Calculator" */;
			compatibilityVersion = "Xcode 8.0";
			developmentRegion = en;
			hasScannedForEncodings = 0;
			knownRegions = (
				en,
				Base,
			);
			mainGroup = 3EBCBB672576B0ED003F9764;
			productRefGroup = 3EBCBB712576B0ED003F9764 /* Products */;
			projectDirPath = "";
			projectRoot = "";
			targets = (
				3EBCBB6F2576B0ED003F9764 /* Environmental Calculator */,
				3EBCBB862576B0ED003F9764 /* Environmental CalculatorTests */,
				3EBCBB912576B0ED003F9764 /* Environmental CalculatorUITests */,
			);
		};
/* End PBXProject section */

/* Begin PBXResourcesBuildPhase section */
		3EBCBB6E2576B0ED003F9764 /* Resources */ = {
			isa = PBXResourcesBuildPhase;
			buildActionMask = 2147483647;
			files = (
				3EBCBB812576B0ED003F9764 /* LaunchScreen.storyboard in Resources */,
				3EBCBB7E2576B0ED003F9764 /* Assets.xcassets in Resources */,
				3EBCBB792576B0ED003F9764 /* Main.storyboard in Resources */,
			);
			runOnlyForDeploymentPostprocessing = 0;
		};
		3EBCBB852576B0ED003F9764 /* Resources */ = {
			isa = PBXResourcesBuildPhase;
			buildActionMask = 2147483647;
			files = (
			);
			runOnlyForDeploymentPostprocessing = 0;
		};
		3EBCBB902576B0ED003F9764 /* Resources */ = {
			isa = PBXResourcesBuildPhase;
			buildActionMask = 2147483647;
			files = (
			);
			runOnlyForDeploymentPostprocessing = 0;
		};
/* End PBXResourcesBuildPhase section */

/* Begin PBXSourcesBuildPhase section */
		3EBCBB6C2576B0ED003F9764 /* Sources */ = {
			isa = PBXSourcesBuildPhase;
			buildActionMask = 2147483647;
			files = (
				3EBCBB762576B0ED003F9764 /* ViewController.swift in Sources */,
				3EBCBB7C2576B0ED003F9764 /* Environmental_Calculator.xcdatamodeld in Sources */,
				3EBCBB742576B0ED003F9764 /* AppDelegate.swift in Sources */,
			);
			runOnlyForDeploymentPostprocessing = 0;
		};
		3EBCBB832576B0ED003F9764 /* Sources */ = {
			isa = PBXSourcesBuildPhase;
			buildActionMask = 2147483647;
			files = (
				3EBCBB8C2576B0ED003F9764 /* Environmental_CalculatorTests.swift in Sources */,
			);
			runOnlyForDeploymentPostprocessing = 0;
		};
		3EBCBB8E2576B0ED003F9764 /* Sources */ = {
			isa = PBXSourcesBuildPhase;
			buildActionMask = 2147483647;
			files = (
				3EBCBB972576B0ED003F9764 /* Environmental_CalculatorUITests.swift in Sources */,
			);
			runOnlyForDeploymentPostprocessing = 0;
		};
/* End PBXSourcesBuildPhase section */

/* Begin PBXTargetDependency section */
		3EBCBB892576B0ED003F9764 /* PBXTargetDependency */ = {
			isa = PBXTargetDependency;
			target = 3EBCBB6F2576B0ED003F9764 /* Environmental Calculator */;
			targetProxy = 3EBCBB882576B0ED003F9764 /* PBXContainerItemProxy */;
		};
		3EBCBB942576B0ED003F9764 /* PBXTargetDependency */ = {
			isa = PBXTargetDependency;
			target = 3EBCBB6F2576B0ED003F9764 /* Environmental Calculator */;
			targetProxy = 3EBCBB932576B0ED003F9764 /* PBXContainerItemProxy */;
		};
/* End PBXTargetDependency section */

/* Begin PBXVariantGroup section */
		3EBCBB772576B0ED003F9764 /* Main.storyboard */ = {
			isa = PBXVariantGroup;
			children = (
				3EBCBB782576B0ED003F9764 /* Base */,
			);
			name = Main.storyboard;
			sourceTree = "<group>";
		};
		3EBCBB7F2576B0ED003F9764 /* LaunchScreen.storyboard */ = {
			isa = PBXVariantGroup;
			children = (
				3EBCBB802576B0ED003F9764 /* Base */,
			);
			name = LaunchScreen.storyboard;
			sourceTree = "<group>";
		};
/* End PBXVariantGroup section */

/* Begin XCBuildConfiguration section */
		3EBCBB992576B0ED003F9764 /* Debug */ = {
			isa = XCBuildConfiguration;
			buildSettings = {
				ALWAYS_SEARCH_USER_PATHS = NO;
				CLANG_ANALYZER_NONNULL = YES;
				CLANG_ANALYZER_NUMBER_OBJECT_CONVERSION = YES_AGGRESSIVE;
				CLANG_CXX_LANGUAGE_STANDARD = "gnu++14";
				CLANG_CXX_LIBRARY = "libc++";
				CLANG_ENABLE_MODULES = YES;
				CLANG_ENABLE_OBJC_ARC = YES;
				CLANG_WARN_BLOCK_CAPTURE_AUTORELEASING = YES;
				CLANG_WARN_BOOL_CONVERSION = YES;
				CLANG_WARN_COMMA = YES;
				CLANG_WARN_CONSTANT_CONVERSION = YES;
				CLANG_WARN_DIRECT_OBJC_ISA_USAGE = YES_ERROR;
				CLANG_WARN_DOCUMENTATION_COMMENTS = YES;
				CLANG_WARN_EMPTY_BODY = YES;
				CLANG_WARN_ENUM_CONVERSION = YES;
				CLANG_WARN_INFINITE_RECURSION = YES;
				CLANG_WARN_INT_CONVERSION = YES;
				CLANG_WARN_NON_LITERAL_NULL_CONVERSION = YES;
				CLANG_WARN_OBJC_LITERAL_CONVERSION = YES;
				CLANG_WARN_OBJC_ROOT_CLASS = YES_ERROR;
				CLANG_WARN_RANGE_LOOP_ANALYSIS = YES;
				CLANG_WARN_STRICT_PROTOTYPES = YES;
				CLANG_WARN_SUSPICIOUS_MOVE = YES;
				CLANG_WARN_UNGUARDED_AVAILABILITY = YES_AGGRESSIVE;
				CLANG_WARN_UNREACHABLE_CODE = YES;
				CLANG_WARN__DUPLICATE_METHOD_MATCH = YES;
				CODE_SIGN_IDENTITY = "iPhone Developer";
				COPY_PHASE_STRIP = NO;
				DEBUG_INFORMATION_FORMAT = dwarf;
				ENABLE_STRICT_OBJC_MSGSEND = YES;
				ENABLE_TESTABILITY = YES;
				GCC_C_LANGUAGE_STANDARD = gnu11;
				GCC_DYNAMIC_NO_PIC = NO;
				GCC_NO_COMMON_BLOCKS = YES;
				GCC_OPTIMIZATION_LEVEL = 0;
				GCC_PREPROCESSOR_DEFINITIONS = (
					"DEBUG=1",
					"$(inherited)",
				);
				GCC_WARN_64_TO_32_BIT_CONVERSION = YES;
				GCC_WARN_ABOUT_RETURN_TYPE = YES_ERROR;
				GCC_WARN_UNDECLARED_SELECTOR = YES;
				GCC_WARN_UNINITIALIZED_AUTOS = YES_AGGRESSIVE;
				GCC_WARN_UNUSED_FUNCTION = YES;
				GCC_WARN_UNUSED_VARIABLE = YES;
				IPHONEOS_DEPLOYMENT_TARGET = 11.2;
				MTL_ENABLE_DEBUG_INFO = YES;
				ONLY_ACTIVE_ARCH = YES;
				SDKROOT = iphoneos;
				SWIFT_ACTIVE_COMPILATION_CONDITIONS = DEBUG;
				SWIFT_OPTIMIZATION_LEVEL = "-Onone";
			};
			name = Debug;
		};
		3EBCBB9A2576B0ED003F9764 /* Release */ = {
			isa = XCBuildConfiguration;
			buildSettings = {
				ALWAYS_SEARCH_USER_PATHS = NO;
				CLANG_ANALYZER_NONNULL = YES;
				CLANG_ANALYZER_NUMBER_OBJECT_CONVERSION = YES_AGGRESSIVE;
				CLANG_CXX_LANGUAGE_STANDARD = "gnu++14";
				CLANG_CXX_LIBRARY = "libc++";
				CLANG_ENABLE_MODULES = YES;
				CLANG_ENABLE_OBJC_ARC = YES;
				CLANG_WARN_BLOCK_CAPTURE_AUTORELEASING = YES;
				CLANG_WARN_BOOL_CONVERSION = YES;
				CLANG_WARN_COMMA = YES;
				CLANG_WARN_CONSTANT_CONVERSION = YES;
				CLANG_WARN_DIRECT_OBJC_ISA_USAGE = YES_ERROR;
				CLANG_WARN_DOCUMENTATION_COMMENTS = YES;
				CLANG_WARN_EMPTY_BODY = YES;
				CLANG_WARN_ENUM_CONVERSION = YES;
				CLANG_WARN_INFINITE_RECURSION = YES;
				CLANG_WARN_INT_CONVERSION = YES;
				CLANG_WARN_NON_LITERAL_NULL_CONVERSION = YES;
				CLANG_WARN_OBJC_LITERAL_CONVERSION = YES;
				CLANG_WARN_OBJC_ROOT_CLASS = YES_ERROR;
				CLANG_WARN_RANGE_LOOP_ANALYSIS = YES;
				CLANG_WARN_STRICT_PROTOTYPES = YES;
				CLANG_WARN_SUSPICIOUS_MOVE = YES;
				CLANG_WARN_UNGUARDED_AVAILABILITY = YES_AGGRESSIVE;
				CLANG_WARN_UNREACHABLE_CODE = YES;
				CLANG_WARN__DUPLICATE_METHOD_MATCH = YES;
				CODE_SIGN_IDENTITY = "iPhone Developer";
				COPY_PHASE_STRIP = NO;
				DEBUG_INFORMATION_FORMAT = "dwarf-with-dsym";
				ENABLE_NS_ASSERTIONS = NO;
				ENABLE_STRICT_OBJC_MSGSEND = YES;
				GCC_C_LANGUAGE_STANDARD = gnu11;
				GCC_NO_COMMON_BLOCKS = YES;
				GCC_WARN_64_TO_32_BIT_CONVERSION = YES;
				GCC_WARN_ABOUT_RETURN_TYPE = YES_ERROR;
				GCC_WARN_UNDECLARED_SELECTOR = YES;
				GCC_WARN_UNINITIALIZED_AUTOS = YES_AGGRESSIVE;
				GCC_WARN_UNUSED_FUNCTION = YES;
				GCC_WARN_UNUSED_VARIABLE = YES;
				IPHONEOS_DEPLOYMENT_TARGET = 11.2;
				MTL_ENABLE_DEBUG_INFO = NO;
				SDKROOT = iphoneos;
				SWIFT_OPTIMIZATION_LEVEL = "-Owholemodule";
				VALIDATE_PRODUCT = YES;
			};
			name = Release;
		};
		3EBCBB9C2576B0ED003F9764 /* Debug */ = {
			isa = XCBuildConfiguration;
			buildSettings = {
				ASSETCATALOG_COMPILER_APPICON_NAME = AppIcon;
				CODE_SIGN_STYLE = Automatic;
				INFOPLIST_FILE = "Environmental Calculator/Info.plist";
				LD_RUNPATH_SEARCH_PATHS = "$(inherited) @executable_path/Frameworks";
				PRODUCT_BUNDLE_IDENTIFIER = "cor.Environmental-Calculator";
				PRODUCT_NAME = "$(TARGET_NAME)";
				SWIFT_VERSION = 4.0;
				TARGETED_DEVICE_FAMILY = "1,2";
			};
			name = Debug;
		};
		3EBCBB9D2576B0ED003F9764 /* Release */ = {
			isa = XCBuildConfiguration;
			buildSettings = {
				ASSETCATALOG_COMPILER_APPICON_NAME = AppIcon;
				CODE_SIGN_STYLE = Automatic;
				INFOPLIST_FILE = "Environmental Calculator/Info.plist";
				LD_RUNPATH_SEARCH_PATHS = "$(inherited) @executable_path/Frameworks";
				PRODUCT_BUNDLE_IDENTIFIER = "cor.Environmental-Calculator";
				PRODUCT_NAME = "$(TARGET_NAME)";
				SWIFT_VERSION = 4.0;
				TARGETED_DEVICE_FAMILY = "1,2";
			};
			name = Release;
		};
		3EBCBB9F2576B0ED003F9764 /* Debug */ = {
			isa = XCBuildConfiguration;
			buildSettings = {
				ALWAYS_EMBED_SWIFT_STANDARD_LIBRARIES = YES;
				BUNDLE_LOADER = "$(TEST_HOST)";
				CODE_SIGN_STYLE = Automatic;
				INFOPLIST_FILE = "Environmental CalculatorTests/Info.plist";
				LD_RUNPATH_SEARCH_PATHS = "$(inherited) @executable_path/Frameworks @loader_path/Frameworks";
				PRODUCT_BUNDLE_IDENTIFIER = "cor.Environmental-CalculatorTests";
				PRODUCT_NAME = "$(TARGET_NAME)";
				SWIFT_VERSION = 4.0;
				TARGETED_DEVICE_FAMILY = "1,2";
				TEST_HOST = "$(BUILT_PRODUCTS_DIR)/Environmental Calculator.app/Environmental Calculator";
			};
			name = Debug;
		};
		3EBCBBA02576B0ED003F9764 /* Release */ = {
			isa = XCBuildConfiguration;
			buildSettings = {
				ALWAYS_EMBED_SWIFT_STANDARD_LIBRARIES = YES;
				BUNDLE_LOADER = "$(TEST_HOST)";
				CODE_SIGN_STYLE = Automatic;
				INFOPLIST_FILE = "Environmental CalculatorTests/Info.plist";
				LD_RUNPATH_SEARCH_PATHS = "$(inherited) @executable_path/Frameworks @loader_path/Frameworks";
				PRODUCT_BUNDLE_IDENTIFIER = "cor.Environmental-CalculatorTests";
				PRODUCT_NAME = "$(TARGET_NAME)";
				SWIFT_VERSION = 4.0;
				TARGETED_DEVICE_FAMILY = "1,2";
				TEST_HOST = "$(BUILT_PRODUCTS_DIR)/Environmental Calculator.app/Environmental Calculator";
			};
			name = Release;
		};
		3EBCBBA22576B0ED003F9764 /* Debug */ = {
			isa = XCBuildConfiguration;
			buildSettings = {
				ALWAYS_EMBED_SWIFT_STANDARD_LIBRARIES = YES;
				CODE_SIGN_STYLE = Automatic;
				INFOPLIST_FILE = "Environmental CalculatorUITests/Info.plist";
				LD_RUNPATH_SEARCH_PATHS = "$(inherited) @executable_path/Frameworks @loader_path/Frameworks";
				PRODUCT_BUNDLE_IDENTIFIER = "cor.Environmental-CalculatorUITests";
				PRODUCT_NAME = "$(TARGET_NAME)";
				SWIFT_VERSION = 4.0;
				TARGETED_DEVICE_FAMILY = "1,2";
				TEST_TARGET_NAME = "Environmental Calculator";
			};
			name = Debug;
		};
		3EBCBBA32576B0ED003F9764 /* Release */ = {
			isa = XCBuildConfiguration;
			buildSettings = {
				ALWAYS_EMBED_SWIFT_STANDARD_LIBRARIES = YES;
				CODE_SIGN_STYLE = Automatic;
				INFOPLIST_FILE = "Environmental CalculatorUITests/Info.plist";
				LD_RUNPATH_SEARCH_PATHS = "$(inherited) @executable_path/Frameworks @loader_path/Frameworks";
				PRODUCT_BUNDLE_IDENTIFIER = "cor.Environmental-CalculatorUITests";
				PRODUCT_NAME = "$(TARGET_NAME)";
				SWIFT_VERSION = 4.0;
				TARGETED_DEVICE_FAMILY = "1,2";
				TEST_TARGET_NAME = "Environmental Calculator";
			};
			name = Release;
		};
/* End XCBuildConfiguration section */

/* Begin XCConfigurationList section */
		3EBCBB6B2576B0ED003F9764 /* Build configuration list for PBXProject "Environmental Calculator" */ = {
			isa = XCConfigurationList;
			buildConfigurations = (
				3EBCBB992576B0ED003F9764 /* Debug */,
				3EBCBB9A2576B0ED003F9764 /* Release */,
			);
			defaultConfigurationIsVisible = 0;
			defaultConfigurationName = Release;
		};
		3EBCBB9B2576B0ED003F9764 /* Build configuration list for PBXNativeTarget "Environmental Calculator" */ = {
			isa = XCConfigurationList;
			buildConfigurations = (
				3EBCBB9C2576B0ED003F9764 /* Debug */,
				3EBCBB9D2576B0ED003F9764 /* Release */,
			);
			defaultConfigurationIsVisible = 0;
			defaultConfigurationName = Release;
		};
		3EBCBB9E2576B0ED003F9764 /* Build configuration list for PBXNativeTarget "Environmental CalculatorTests" */ = {
			isa = XCConfigurationList;
			buildConfigurations = (
				3EBCBB9F2576B0ED003F9764 /* Debug */,
				3EBCBBA02576B0ED003F9764 /* Release */,
			);
			defaultConfigurationIsVisible = 0;
			defaultConfigurationName = Release;
		};
		3EBCBBA12576B0ED003F9764 /* Build configuration list for PBXNativeTarget "Environmental CalculatorUITests" */ = {
			isa = XCConfigurationList;
			buildConfigurations = (
				3EBCBBA22576B0ED003F9764 /* Debug */,
				3EBCBBA32576B0ED003F9764 /* Release */,
			);
			defaultConfigurationIsVisible = 0;
			defaultConfigurationName = Release;
		};
/* End XCConfigurationList section */

/* Begin XCVersionGroup section */
		3EBCBB7A2576B0ED003F9764 /* Environmental_Calculator.xcdatamodeld */ = {
			isa = XCVersionGroup;
			children = (
				3EBCBB7B2576B0ED003F9764 /* Environmental_Calculator.xcdatamodel */,
			);
			currentVersion = 3EBCBB7B2576B0ED003F9764 /* Environmental_Calculator.xcdatamodel */;
			path = Environmental_Calculator.xcdatamodeld;
			sourceTree = "<group>";
			versionGroupType = wrapper.xcdatamodel;
		};
/* End XCVersionGroup section */
	};
	rootObject = 3EBCBB682576B0ED003F9764 /* Project object */;
}
